
Microsoft Visual Studio Solution File, Format Version 12.00
# Visual Studio 2012
Project("{FAE04EC0-301F-11D3-BF4B-00C04F79EFBC}") = "Client", "Client\Client.csproj", "{EF5F1DE0-029C-4B2D-BC74-8AF4F035B512}"
EndProject
Global
	GlobalSection(SolutionConfigurationPlatforms) = preSolution
		Debug|Any CPU = Debug|Any CPU
		Release|Any CPU = Release|Any CPU
	EndGlobalSection
	GlobalSection(ProjectConfigurationPlatforms) = postSolution
		{EF5F1DE0-029C-4B2D-BC74-8AF4F035B512}.Debug|Any CPU.ActiveCfg = Debug|Any CPU
		{EF5F1DE0-029C-4B2D-BC74-8AF4F035B512}.Debug|Any CPU.Build.0 = Debug|Any CPU
		{EF5F1DE0-029C-4B2D-BC74-8AF4F035B512}.Release|Any CPU.ActiveCfg = Release|Any CPU
		{EF5F1DE0-029C-4B2D-BC74-8AF4F035B512}.Release|Any CPU.Build.0 = Release|Any CPU
	EndGlobalSection
	GlobalSection(SolutionProperties) = preSolution
		HideSolutionNode = FALSE
	EndGlobalSection
EndGlobal
